// !$*UTF8*$!
{
	archiveVersion = 1;
	classes = {
	};
	objectVersion = 51;
	objects = {

/* Begin PBXBuildFile section */
		1B7F952BD447484159677B38 /* Pods_AgendaPersonalizadaTests.framework in Frameworks */ = {isa = PBXBuildFile; fileRef = FFA57E8D6D5A0F8B437D8980 /* Pods_AgendaPersonalizadaTests.framework */; };
		3EFC4F734CF6A757F7332145 /* Pods_AgendaPersonalizada_AgendaPersonalizadaUITests.framework in Frameworks */ = {isa = PBXBuildFile; fileRef = 96415C37159041F1336C2BD5 /* Pods_AgendaPersonalizada_AgendaPersonalizadaUITests.framework */; };
		B83922F125F2335100EB45A1 /* AppDelegate.swift in Sources */ = {isa = PBXBuildFile; fileRef = B83922F025F2335100EB45A1 /* AppDelegate.swift */; };
		B83922F325F2335100EB45A1 /* SceneDelegate.swift in Sources */ = {isa = PBXBuildFile; fileRef = B83922F225F2335100EB45A1 /* SceneDelegate.swift */; };
		B83922F825F2335100EB45A1 /* Main.storyboard in Resources */ = {isa = PBXBuildFile; fileRef = B83922F625F2335100EB45A1 /* Main.storyboard */; };
		B83922FB25F2335100EB45A1 /* AgendaPersonalizada.xcdatamodeld in Sources */ = {isa = PBXBuildFile; fileRef = B83922F925F2335100EB45A1 /* AgendaPersonalizada.xcdatamodeld */; };
		B83922FD25F2335200EB45A1 /* Assets.xcassets in Resources */ = {isa = PBXBuildFile; fileRef = B83922FC25F2335200EB45A1 /* Assets.xcassets */; };
		B839230025F2335200EB45A1 /* LaunchScreen.storyboard in Resources */ = {isa = PBXBuildFile; fileRef = B83922FE25F2335200EB45A1 /* LaunchScreen.storyboard */; };
		B839230B25F2335300EB45A1 /* AgendaPersonalizadaTests.swift in Sources */ = {isa = PBXBuildFile; fileRef = B839230A25F2335300EB45A1 /* AgendaPersonalizadaTests.swift */; };
		B839231625F2335300EB45A1 /* AgendaPersonalizadaUITests.swift in Sources */ = {isa = PBXBuildFile; fileRef = B839231525F2335300EB45A1 /* AgendaPersonalizadaUITests.swift */; };
		B839232825F23FAA00EB45A1 /* WelcomeViewController.swift in Sources */ = {isa = PBXBuildFile; fileRef = B839232725F23FAA00EB45A1 /* WelcomeViewController.swift */; };
		B839233025F2405C00EB45A1 /* SignInViewController.swift in Sources */ = {isa = PBXBuildFile; fileRef = B839232F25F2405C00EB45A1 /* SignInViewController.swift */; };
		B839233525F2407900EB45A1 /* SignUpViewController.swift in Sources */ = {isa = PBXBuildFile; fileRef = B839233425F2407900EB45A1 /* SignUpViewController.swift */; };
		B839234225F240F300EB45A1 /* Extensions.swift in Sources */ = {isa = PBXBuildFile; fileRef = B839234125F240F300EB45A1 /* Extensions.swift */; };
		B839234A25F2BA0C00EB45A1 /* GoogleService-Info.plist in Resources */ = {isa = PBXBuildFile; fileRef = B839234925F2BA0C00EB45A1 /* GoogleService-Info.plist */; };
		B839236425F2EB6B00EB45A1 /* HomeViewController.swift in Sources */ = {isa = PBXBuildFile; fileRef = B839236325F2EB6B00EB45A1 /* HomeViewController.swift */; };
		B839236C25F2EEC200EB45A1 /* Service.swift in Sources */ = {isa = PBXBuildFile; fileRef = B839236B25F2EEC200EB45A1 /* Service.swift */; };
		B870690F25F3616D00A89912 /* ForgotPassViewController.swift in Sources */ = {isa = PBXBuildFile; fileRef = B870690E25F3616D00A89912 /* ForgotPassViewController.swift */; };
		B8B48B6B2607A6CB00AB83BB /* coolvetica rg.ttf in Resources */ = {isa = PBXBuildFile; fileRef = B8B48B6A2607A6CA00AB83BB /* coolvetica rg.ttf */; };
		B8B48B6C2607A6CB00AB83BB /* coolvetica rg.ttf in Resources */ = {isa = PBXBuildFile; fileRef = B8B48B6A2607A6CA00AB83BB /* coolvetica rg.ttf */; };
		B8B48B6D2607A6CB00AB83BB /* coolvetica rg.ttf in Resources */ = {isa = PBXBuildFile; fileRef = B8B48B6A2607A6CA00AB83BB /* coolvetica rg.ttf */; };
		B8B48B762607AA0F00AB83BB /* wp3944703.jpg in Resources */ = {isa = PBXBuildFile; fileRef = B8B48B752607AA0F00AB83BB /* wp3944703.jpg */; };
		B8B48B772607AA0F00AB83BB /* wp3944703.jpg in Resources */ = {isa = PBXBuildFile; fileRef = B8B48B752607AA0F00AB83BB /* wp3944703.jpg */; };
		B8B48B782607AA0F00AB83BB /* wp3944703.jpg in Resources */ = {isa = PBXBuildFile; fileRef = B8B48B752607AA0F00AB83BB /* wp3944703.jpg */; };
		B8B48B802607E9D000AB83BB /* papers.co-vd52-abstract-dark-geometric-line-pattern-41-iphone-wallpaper.jpg in Resources */ = {isa = PBXBuildFile; fileRef = B8B48B7F2607E9D000AB83BB /* papers.co-vd52-abstract-dark-geometric-line-pattern-41-iphone-wallpaper.jpg */; };
		B8B48B812607E9D000AB83BB /* papers.co-vd52-abstract-dark-geometric-line-pattern-41-iphone-wallpaper.jpg in Resources */ = {isa = PBXBuildFile; fileRef = B8B48B7F2607E9D000AB83BB /* papers.co-vd52-abstract-dark-geometric-line-pattern-41-iphone-wallpaper.jpg */; };
		B8B48B822607E9D000AB83BB /* papers.co-vd52-abstract-dark-geometric-line-pattern-41-iphone-wallpaper.jpg in Resources */ = {isa = PBXBuildFile; fileRef = B8B48B7F2607E9D000AB83BB /* papers.co-vd52-abstract-dark-geometric-line-pattern-41-iphone-wallpaper.jpg */; };
		B8B48B8A2607EA2A00AB83BB /* contact-details-icon-contact-details-icon-11562975389zj8crdmzp6.png in Resources */ = {isa = PBXBuildFile; fileRef = B8B48B892607EA2A00AB83BB /* contact-details-icon-contact-details-icon-11562975389zj8crdmzp6.png */; };
		B8B48B8B2607EA2A00AB83BB /* contact-details-icon-contact-details-icon-11562975389zj8crdmzp6.png in Resources */ = {isa = PBXBuildFile; fileRef = B8B48B892607EA2A00AB83BB /* contact-details-icon-contact-details-icon-11562975389zj8crdmzp6.png */; };
		B8B48B8C2607EA2A00AB83BB /* contact-details-icon-contact-details-icon-11562975389zj8crdmzp6.png in Resources */ = {isa = PBXBuildFile; fileRef = B8B48B892607EA2A00AB83BB /* contact-details-icon-contact-details-icon-11562975389zj8crdmzp6.png */; };
		B8B48B942607EA6A00AB83BB /* images.xcassets in Resources */ = {isa = PBXBuildFile; fileRef = B8B48B932607EA6A00AB83BB /* images.xcassets */; };
		B8B48B952607EA6A00AB83BB /* images.xcassets in Resources */ = {isa = PBXBuildFile; fileRef = B8B48B932607EA6A00AB83BB /* images.xcassets */; };
		B8B48B962607EA6A00AB83BB /* images.xcassets in Resources */ = {isa = PBXBuildFile; fileRef = B8B48B932607EA6A00AB83BB /* images.xcassets */; };
		B8D6455F25FA295800E1DCE4 /* contactsViewController.swift in Sources */ = {isa = PBXBuildFile; fileRef = B8D6455E25FA295800E1DCE4 /* contactsViewController.swift */; };
		B8E9E72125F4ED7300A90AF6 /* AddContactViewController.swift in Sources */ = {isa = PBXBuildFile; fileRef = B8E9E72025F4ED7300A90AF6 /* AddContactViewController.swift */; };
		C027033ECB95A72C11BC9B94 /* Pods_AgendaPersonalizada.framework in Frameworks */ = {isa = PBXBuildFile; fileRef = 3F84FE7A31B4E2465C701BB0 /* Pods_AgendaPersonalizada.framework */; };
/* End PBXBuildFile section */

/* Begin PBXContainerItemProxy section */
		B839230725F2335300EB45A1 /* PBXContainerItemProxy */ = {
			isa = PBXContainerItemProxy;
			containerPortal = B83922E525F2335100EB45A1 /* Project object */;
			proxyType = 1;
			remoteGlobalIDString = B83922EC25F2335100EB45A1;
			remoteInfo = AgendaPersonalizada;
		};
		B839231225F2335300EB45A1 /* PBXContainerItemProxy */ = {
			isa = PBXContainerItemProxy;
			containerPortal = B83922E525F2335100EB45A1 /* Project object */;
			proxyType = 1;
			remoteGlobalIDString = B83922EC25F2335100EB45A1;
			remoteInfo = AgendaPersonalizada;
		};
/* End PBXContainerItemProxy section */

/* Begin PBXFileReference section */
		2FEACA152CB544A80A2DA512 /* Pods-AgendaPersonalizada.release.xcconfig */ = {isa = PBXFileReference; includeInIndex = 1; lastKnownFileType = text.xcconfig; name = "Pods-AgendaPersonalizada.release.xcconfig"; path = "Target Support Files/Pods-AgendaPersonalizada/Pods-AgendaPersonalizada.release.xcconfig"; sourceTree = "<group>"; };
		3F84FE7A31B4E2465C701BB0 /* Pods_AgendaPersonalizada.framework */ = {isa = PBXFileReference; explicitFileType = wrapper.framework; includeInIndex = 0; path = Pods_AgendaPersonalizada.framework; sourceTree = BUILT_PRODUCTS_DIR; };
		5579A08F30BF6193BB134F9E /* Pods-AgendaPersonalizada.debug.xcconfig */ = {isa = PBXFileReference; includeInIndex = 1; lastKnownFileType = text.xcconfig; name = "Pods-AgendaPersonalizada.debug.xcconfig"; path = "Target Support Files/Pods-AgendaPersonalizada/Pods-AgendaPersonalizada.debug.xcconfig"; sourceTree = "<group>"; };
		689B8104F8EDEE1EBA2DA554 /* Pods-AgendaPersonalizada-AgendaPersonalizadaUITests.debug.xcconfig */ = {isa = PBXFileReference; includeInIndex = 1; lastKnownFileType = text.xcconfig; name = "Pods-AgendaPersonalizada-AgendaPersonalizadaUITests.debug.xcconfig"; path = "Target Support Files/Pods-AgendaPersonalizada-AgendaPersonalizadaUITests/Pods-AgendaPersonalizada-AgendaPersonalizadaUITests.debug.xcconfig"; sourceTree = "<group>"; };
		87AE13FDA21DEF400A95C92D /* Pods-AgendaPersonalizadaTests.release.xcconfig */ = {isa = PBXFileReference; includeInIndex = 1; lastKnownFileType = text.xcconfig; name = "Pods-AgendaPersonalizadaTests.release.xcconfig"; path = "Target Support Files/Pods-AgendaPersonalizadaTests/Pods-AgendaPersonalizadaTests.release.xcconfig"; sourceTree = "<group>"; };
		96415C37159041F1336C2BD5 /* Pods_AgendaPersonalizada_AgendaPersonalizadaUITests.framework */ = {isa = PBXFileReference; explicitFileType = wrapper.framework; includeInIndex = 0; path = Pods_AgendaPersonalizada_AgendaPersonalizadaUITests.framework; sourceTree = BUILT_PRODUCTS_DIR; };
		B7771DA702FB2B993C06DA4B /* Pods-AgendaPersonalizada-AgendaPersonalizadaUITests.release.xcconfig */ = {isa = PBXFileReference; includeInIndex = 1; lastKnownFileType = text.xcconfig; name = "Pods-AgendaPersonalizada-AgendaPersonalizadaUITests.release.xcconfig"; path = "Target Support Files/Pods-AgendaPersonalizada-AgendaPersonalizadaUITests/Pods-AgendaPersonalizada-AgendaPersonalizadaUITests.release.xcconfig"; sourceTree = "<group>"; };
		B83922ED25F2335100EB45A1 /* AgendaPersonalizada.app */ = {isa = PBXFileReference; explicitFileType = wrapper.application; includeInIndex = 0; path = AgendaPersonalizada.app; sourceTree = BUILT_PRODUCTS_DIR; };
		B83922F025F2335100EB45A1 /* AppDelegate.swift */ = {isa = PBXFileReference; lastKnownFileType = sourcecode.swift; path = AppDelegate.swift; sourceTree = "<group>"; };
		B83922F225F2335100EB45A1 /* SceneDelegate.swift */ = {isa = PBXFileReference; lastKnownFileType = sourcecode.swift; path = SceneDelegate.swift; sourceTree = "<group>"; };
		B83922F725F2335100EB45A1 /* Base */ = {isa = PBXFileReference; lastKnownFileType = file.storyboard; name = Base; path = Base.lproj/Main.storyboard; sourceTree = "<group>"; };
		B83922FA25F2335100EB45A1 /* AgendaPersonalizada.xcdatamodel */ = {isa = PBXFileReference; lastKnownFileType = wrapper.xcdatamodel; path = AgendaPersonalizada.xcdatamodel; sourceTree = "<group>"; };
		B83922FC25F2335200EB45A1 /* Assets.xcassets */ = {isa = PBXFileReference; lastKnownFileType = folder.assetcatalog; path = Assets.xcassets; sourceTree = "<group>"; };
		B83922FF25F2335200EB45A1 /* Base */ = {isa = PBXFileReference; lastKnownFileType = file.storyboard; name = Base; path = Base.lproj/LaunchScreen.storyboard; sourceTree = "<group>"; };
		B839230125F2335200EB45A1 /* Info.plist */ = {isa = PBXFileReference; lastKnownFileType = text.plist.xml; path = Info.plist; sourceTree = "<group>"; };
		B839230625F2335300EB45A1 /* AgendaPersonalizadaTests.xctest */ = {isa = PBXFileReference; explicitFileType = wrapper.cfbundle; includeInIndex = 0; path = AgendaPersonalizadaTests.xctest; sourceTree = BUILT_PRODUCTS_DIR; };
		B839230A25F2335300EB45A1 /* AgendaPersonalizadaTests.swift */ = {isa = PBXFileReference; lastKnownFileType = sourcecode.swift; path = AgendaPersonalizadaTests.swift; sourceTree = "<group>"; };
		B839230C25F2335300EB45A1 /* Info.plist */ = {isa = PBXFileReference; lastKnownFileType = text.plist.xml; path = Info.plist; sourceTree = "<group>"; };
		B839231125F2335300EB45A1 /* AgendaPersonalizadaUITests.xctest */ = {isa = PBXFileReference; explicitFileType = wrapper.cfbundle; includeInIndex = 0; path = AgendaPersonalizadaUITests.xctest; sourceTree = BUILT_PRODUCTS_DIR; };
		B839231525F2335300EB45A1 /* AgendaPersonalizadaUITests.swift */ = {isa = PBXFileReference; lastKnownFileType = sourcecode.swift; path = AgendaPersonalizadaUITests.swift; sourceTree = "<group>"; };
		B839231725F2335300EB45A1 /* Info.plist */ = {isa = PBXFileReference; lastKnownFileType = text.plist.xml; path = Info.plist; sourceTree = "<group>"; };
		B839232725F23FAA00EB45A1 /* WelcomeViewController.swift */ = {isa = PBXFileReference; lastKnownFileType = sourcecode.swift; path = WelcomeViewController.swift; sourceTree = "<group>"; };
		B839232F25F2405C00EB45A1 /* SignInViewController.swift */ = {isa = PBXFileReference; lastKnownFileType = sourcecode.swift; path = SignInViewController.swift; sourceTree = "<group>"; };
		B839233425F2407900EB45A1 /* SignUpViewController.swift */ = {isa = PBXFileReference; lastKnownFileType = sourcecode.swift; path = SignUpViewController.swift; sourceTree = "<group>"; };
		B839234125F240F300EB45A1 /* Extensions.swift */ = {isa = PBXFileReference; lastKnownFileType = sourcecode.swift; path = Extensions.swift; sourceTree = "<group>"; };
		B839234925F2BA0C00EB45A1 /* GoogleService-Info.plist */ = {isa = PBXFileReference; fileEncoding = 4; lastKnownFileType = text.plist.xml; path = "GoogleService-Info.plist"; sourceTree = "<group>"; };
		B839236325F2EB6B00EB45A1 /* HomeViewController.swift */ = {isa = PBXFileReference; lastKnownFileType = sourcecode.swift; path = HomeViewController.swift; sourceTree = "<group>"; };
		B839236B25F2EEC200EB45A1 /* Service.swift */ = {isa = PBXFileReference; lastKnownFileType = sourcecode.swift; path = Service.swift; sourceTree = "<group>"; };
		B870690E25F3616D00A89912 /* ForgotPassViewController.swift */ = {isa = PBXFileReference; lastKnownFileType = sourcecode.swift; path = ForgotPassViewController.swift; sourceTree = "<group>"; };
		B8B48B6A2607A6CA00AB83BB /* coolvetica rg.ttf */ = {isa = PBXFileReference; lastKnownFileType = file; name = "coolvetica rg.ttf"; path = "../../../../Downloads/coolvetica/coolvetica rg.ttf"; sourceTree = "<group>"; };
		B8B48B752607AA0F00AB83BB /* wp3944703.jpg */ = {isa = PBXFileReference; lastKnownFileType = image.jpeg; path = wp3944703.jpg; sourceTree = "<group>"; };
		B8B48B7F2607E9D000AB83BB /* papers.co-vd52-abstract-dark-geometric-line-pattern-41-iphone-wallpaper.jpg */ = {isa = PBXFileReference; lastKnownFileType = image.jpeg; path = "papers.co-vd52-abstract-dark-geometric-line-pattern-41-iphone-wallpaper.jpg"; sourceTree = "<group>"; };
		B8B48B892607EA2A00AB83BB /* contact-details-icon-contact-details-icon-11562975389zj8crdmzp6.png */ = {isa = PBXFileReference; lastKnownFileType = image.png; path = "contact-details-icon-contact-details-icon-11562975389zj8crdmzp6.png"; sourceTree = "<group>"; };
		B8B48B932607EA6A00AB83BB /* images.xcassets */ = {isa = PBXFileReference; lastKnownFileType = folder.assetcatalog; path = images.xcassets; sourceTree = "<group>"; };
		B8D6455E25FA295800E1DCE4 /* contactsViewController.swift */ = {isa = PBXFileReference; lastKnownFileType = sourcecode.swift; path = contactsViewController.swift; sourceTree = "<group>"; };
		B8E9E72025F4ED7300A90AF6 /* AddContactViewController.swift */ = {isa = PBXFileReference; lastKnownFileType = sourcecode.swift; path = AddContactViewController.swift; sourceTree = "<group>"; };
		D1BBE7AA1B5772F9D7AD74CE /* Pods-AgendaPersonalizadaTests.debug.xcconfig */ = {isa = PBXFileReference; includeInIndex = 1; lastKnownFileType = text.xcconfig; name = "Pods-AgendaPersonalizadaTests.debug.xcconfig"; path = "Target Support Files/Pods-AgendaPersonalizadaTests/Pods-AgendaPersonalizadaTests.debug.xcconfig"; sourceTree = "<group>"; };
		FFA57E8D6D5A0F8B437D8980 /* Pods_AgendaPersonalizadaTests.framework */ = {isa = PBXFileReference; explicitFileType = wrapper.framework; includeInIndex = 0; path = Pods_AgendaPersonalizadaTests.framework; sourceTree = BUILT_PRODUCTS_DIR; };
/* End PBXFileReference section */

/* Begin PBXFrameworksBuildPhase section */
		B83922EA25F2335100EB45A1 /* Frameworks */ = {
			isa = PBXFrameworksBuildPhase;
			buildActionMask = 2147483647;
			files = (
				C027033ECB95A72C11BC9B94 /* Pods_AgendaPersonalizada.framework in Frameworks */,
			);
			runOnlyForDeploymentPostprocessing = 0;
		};
		B839230325F2335300EB45A1 /* Frameworks */ = {
			isa = PBXFrameworksBuildPhase;
			buildActionMask = 2147483647;
			files = (
				1B7F952BD447484159677B38 /* Pods_AgendaPersonalizadaTests.framework in Frameworks */,
			);
			runOnlyForDeploymentPostprocessing = 0;
		};
		B839230E25F2335300EB45A1 /* Frameworks */ = {
			isa = PBXFrameworksBuildPhase;
			buildActionMask = 2147483647;
			files = (
				3EFC4F734CF6A757F7332145 /* Pods_AgendaPersonalizada_AgendaPersonalizadaUITests.framework in Frameworks */,
			);
			runOnlyForDeploymentPostprocessing = 0;
		};
/* End PBXFrameworksBuildPhase section */

/* Begin PBXGroup section */
		33B1BD882D065B1F59881348 /* Pods */ = {
			isa = PBXGroup;
			children = (
				5579A08F30BF6193BB134F9E /* Pods-AgendaPersonalizada.debug.xcconfig */,
				2FEACA152CB544A80A2DA512 /* Pods-AgendaPersonalizada.release.xcconfig */,
				689B8104F8EDEE1EBA2DA554 /* Pods-AgendaPersonalizada-AgendaPersonalizadaUITests.debug.xcconfig */,
				B7771DA702FB2B993C06DA4B /* Pods-AgendaPersonalizada-AgendaPersonalizadaUITests.release.xcconfig */,
				D1BBE7AA1B5772F9D7AD74CE /* Pods-AgendaPersonalizadaTests.debug.xcconfig */,
				87AE13FDA21DEF400A95C92D /* Pods-AgendaPersonalizadaTests.release.xcconfig */,
			);
			path = Pods;
			sourceTree = "<group>";
		};
		5E4BFEF972FF46F5F7AD6CD0 /* Frameworks */ = {
			isa = PBXGroup;
			children = (
				3F84FE7A31B4E2465C701BB0 /* Pods_AgendaPersonalizada.framework */,
				96415C37159041F1336C2BD5 /* Pods_AgendaPersonalizada_AgendaPersonalizadaUITests.framework */,
				FFA57E8D6D5A0F8B437D8980 /* Pods_AgendaPersonalizadaTests.framework */,
			);
			name = Frameworks;
			sourceTree = "<group>";
		};
		B83922E425F2335100EB45A1 = {
			isa = PBXGroup;
			children = (
				B83922EF25F2335100EB45A1 /* AgendaPersonalizada */,
				B839230925F2335300EB45A1 /* AgendaPersonalizadaTests */,
				B839231425F2335300EB45A1 /* AgendaPersonalizadaUITests */,
				B83922EE25F2335100EB45A1 /* Products */,
				33B1BD882D065B1F59881348 /* Pods */,
				5E4BFEF972FF46F5F7AD6CD0 /* Frameworks */,
			);
			sourceTree = "<group>";
		};
		B83922EE25F2335100EB45A1 /* Products */ = {
			isa = PBXGroup;
			children = (
				B83922ED25F2335100EB45A1 /* AgendaPersonalizada.app */,
				B839230625F2335300EB45A1 /* AgendaPersonalizadaTests.xctest */,
				B839231125F2335300EB45A1 /* AgendaPersonalizadaUITests.xctest */,
			);
			name = Products;
			sourceTree = "<group>";
		};
		B83922EF25F2335100EB45A1 /* AgendaPersonalizada */ = {
			isa = PBXGroup;
			children = (
				B8B48B742607A9EA00AB83BB /* Imagenes */,
				B8B48B5B2607A63400AB83BB /* Fuentes */,
				B83922F025F2335100EB45A1 /* AppDelegate.swift */,
				B83922F225F2335100EB45A1 /* SceneDelegate.swift */,
				B839236225F2EB4700EB45A1 /* User */,
				B839232625F23F3A00EB45A1 /* Auth */,
				B83922F625F2335100EB45A1 /* Main.storyboard */,
				B83922FC25F2335200EB45A1 /* Assets.xcassets */,
				B83922FE25F2335200EB45A1 /* LaunchScreen.storyboard */,
				B839230125F2335200EB45A1 /* Info.plist */,
				B839234925F2BA0C00EB45A1 /* GoogleService-Info.plist */,
				B83922F925F2335100EB45A1 /* AgendaPersonalizada.xcdatamodeld */,
				B839234125F240F300EB45A1 /* Extensions.swift */,
				B839236B25F2EEC200EB45A1 /* Service.swift */,
				B8B48B932607EA6A00AB83BB /* images.xcassets */,
			);
			path = AgendaPersonalizada;
			sourceTree = "<group>";
		};
		B839230925F2335300EB45A1 /* AgendaPersonalizadaTests */ = {
			isa = PBXGroup;
			children = (
				B839230A25F2335300EB45A1 /* AgendaPersonalizadaTests.swift */,
				B839230C25F2335300EB45A1 /* Info.plist */,
			);
			path = AgendaPersonalizadaTests;
			sourceTree = "<group>";
		};
		B839231425F2335300EB45A1 /* AgendaPersonalizadaUITests */ = {
			isa = PBXGroup;
			children = (
				B839231525F2335300EB45A1 /* AgendaPersonalizadaUITests.swift */,
				B839231725F2335300EB45A1 /* Info.plist */,
			);
			path = AgendaPersonalizadaUITests;
			sourceTree = "<group>";
		};
		B839232625F23F3A00EB45A1 /* Auth */ = {
			isa = PBXGroup;
			children = (
				B839232725F23FAA00EB45A1 /* WelcomeViewController.swift */,
				B839232F25F2405C00EB45A1 /* SignInViewController.swift */,
				B839233425F2407900EB45A1 /* SignUpViewController.swift */,
				B870690E25F3616D00A89912 /* ForgotPassViewController.swift */,
			);
			path = Auth;
			sourceTree = "<group>";
		};
		B839236225F2EB4700EB45A1 /* User */ = {
			isa = PBXGroup;
			children = (
				B839236325F2EB6B00EB45A1 /* HomeViewController.swift */,
				B8E9E72025F4ED7300A90AF6 /* AddContactViewController.swift */,
				B8D6455E25FA295800E1DCE4 /* contactsViewController.swift */,
			);
			path = User;
			sourceTree = "<group>";
		};
		B8B48B5B2607A63400AB83BB /* Fuentes */ = {
			isa = PBXGroup;
			children = (
				B8B48B6A2607A6CA00AB83BB /* coolvetica rg.ttf */,
			);
			path = Fuentes;
			sourceTree = "<group>";
		};
		B8B48B742607A9EA00AB83BB /* Imagenes */ = {
			isa = PBXGroup;
			children = (
				B8B48B7F2607E9D000AB83BB /* papers.co-vd52-abstract-dark-geometric-line-pattern-41-iphone-wallpaper.jpg */,
				B8B48B892607EA2A00AB83BB /* contact-details-icon-contact-details-icon-11562975389zj8crdmzp6.png */,
				B8B48B752607AA0F00AB83BB /* wp3944703.jpg */,
			);
			path = Imagenes;
			sourceTree = "<group>";
		};
/* End PBXGroup section */

/* Begin PBXNativeTarget section */
		B83922EC25F2335100EB45A1 /* AgendaPersonalizada */ = {
			isa = PBXNativeTarget;
			buildConfigurationList = B839231A25F2335300EB45A1 /* Build configuration list for PBXNativeTarget "AgendaPersonalizada" */;
			buildPhases = (
				67B8920EFA3884B080354A35 /* [CP] Check Pods Manifest.lock */,
				B83922E925F2335100EB45A1 /* Sources */,
				B83922EA25F2335100EB45A1 /* Frameworks */,
				B83922EB25F2335100EB45A1 /* Resources */,
				70BEBC9CDDABA2D6EEBC7AB9 /* [CP] Embed Pods Frameworks */,
			);
			buildRules = (
			);
			dependencies = (
			);
			name = AgendaPersonalizada;
			productName = AgendaPersonalizada;
			productReference = B83922ED25F2335100EB45A1 /* AgendaPersonalizada.app */;
			productType = "com.apple.product-type.application";
		};
		B839230525F2335300EB45A1 /* AgendaPersonalizadaTests */ = {
			isa = PBXNativeTarget;
			buildConfigurationList = B839231D25F2335300EB45A1 /* Build configuration list for PBXNativeTarget "AgendaPersonalizadaTests" */;
			buildPhases = (
				2D252240C2DA044BF53FD96B /* [CP] Check Pods Manifest.lock */,
				B839230225F2335300EB45A1 /* Sources */,
				B839230325F2335300EB45A1 /* Frameworks */,
				B839230425F2335300EB45A1 /* Resources */,
			);
			buildRules = (
			);
			dependencies = (
				B839230825F2335300EB45A1 /* PBXTargetDependency */,
			);
			name = AgendaPersonalizadaTests;
			productName = AgendaPersonalizadaTests;
			productReference = B839230625F2335300EB45A1 /* AgendaPersonalizadaTests.xctest */;
			productType = "com.apple.product-type.bundle.unit-test";
		};
		B839231025F2335300EB45A1 /* AgendaPersonalizadaUITests */ = {
			isa = PBXNativeTarget;
			buildConfigurationList = B839232025F2335300EB45A1 /* Build configuration list for PBXNativeTarget "AgendaPersonalizadaUITests" */;
			buildPhases = (
				A118DE9BBB95CC4F81655BA4 /* [CP] Check Pods Manifest.lock */,
				B839230D25F2335300EB45A1 /* Sources */,
				B839230E25F2335300EB45A1 /* Frameworks */,
				B839230F25F2335300EB45A1 /* Resources */,
				260DEA945EF285B966DD40DA /* [CP] Embed Pods Frameworks */,
			);
			buildRules = (
			);
			dependencies = (
				B839231325F2335300EB45A1 /* PBXTargetDependency */,
			);
			name = AgendaPersonalizadaUITests;
			productName = AgendaPersonalizadaUITests;
			productReference = B839231125F2335300EB45A1 /* AgendaPersonalizadaUITests.xctest */;
			productType = "com.apple.product-type.bundle.ui-testing";
		};
/* End PBXNativeTarget section */

/* Begin PBXProject section */
		B83922E525F2335100EB45A1 /* Project object */ = {
			isa = PBXProject;
			attributes = {
				LastSwiftUpdateCheck = 1240;
				LastUpgradeCheck = 1240;
				TargetAttributes = {
					B83922EC25F2335100EB45A1 = {
						CreatedOnToolsVersion = 12.4;
					};
					B839230525F2335300EB45A1 = {
						CreatedOnToolsVersion = 12.4;
						TestTargetID = B83922EC25F2335100EB45A1;
					};
					B839231025F2335300EB45A1 = {
						CreatedOnToolsVersion = 12.4;
						TestTargetID = B83922EC25F2335100EB45A1;
					};
				};
			};
			buildConfigurationList = B83922E825F2335100EB45A1 /* Build configuration list for PBXProject "AgendaPersonalizada" */;
			compatibilityVersion = "Xcode 9.3";
			developmentRegion = en;
			hasScannedForEncodings = 0;
			knownRegions = (
				en,
				Base,
			);
			mainGroup = B83922E425F2335100EB45A1;
			productRefGroup = B83922EE25F2335100EB45A1 /* Products */;
			projectDirPath = "";
			projectRoot = "";
			targets = (
				B83922EC25F2335100EB45A1 /* AgendaPersonalizada */,
				B839230525F2335300EB45A1 /* AgendaPersonalizadaTests */,
				B839231025F2335300EB45A1 /* AgendaPersonalizadaUITests */,
			);
		};
/* End PBXProject section */

/* Begin PBXResourcesBuildPhase section */
		B83922EB25F2335100EB45A1 /* Resources */ = {
			isa = PBXResourcesBuildPhase;
			buildActionMask = 2147483647;
			files = (
				B839230025F2335200EB45A1 /* LaunchScreen.storyboard in Resources */,
				B8B48B762607AA0F00AB83BB /* wp3944703.jpg in Resources */,
				B8B48B802607E9D000AB83BB /* papers.co-vd52-abstract-dark-geometric-line-pattern-41-iphone-wallpaper.jpg in Resources */,
				B8B48B942607EA6A00AB83BB /* images.xcassets in Resources */,
				B839234A25F2BA0C00EB45A1 /* GoogleService-Info.plist in Resources */,
				B8B48B8A2607EA2A00AB83BB /* contact-details-icon-contact-details-icon-11562975389zj8crdmzp6.png in Resources */,
				B83922FD25F2335200EB45A1 /* Assets.xcassets in Resources */,
				B83922F825F2335100EB45A1 /* Main.storyboard in Resources */,
				B8B48B6B2607A6CB00AB83BB /* coolvetica rg.ttf in Resources */,
			);
			runOnlyForDeploymentPostprocessing = 0;
		};
		B839230425F2335300EB45A1 /* Resources */ = {
			isa = PBXResourcesBuildPhase;
			buildActionMask = 2147483647;
			files = (
				B8B48B8B2607EA2A00AB83BB /* contact-details-icon-contact-details-icon-11562975389zj8crdmzp6.png in Resources */,
				B8B48B6C2607A6CB00AB83BB /* coolvetica rg.ttf in Resources */,
				B8B48B812607E9D000AB83BB /* papers.co-vd52-abstract-dark-geometric-line-pattern-41-iphone-wallpaper.jpg in Resources */,
				B8B48B772607AA0F00AB83BB /* wp3944703.jpg in Resources */,
				B8B48B952607EA6A00AB83BB /* images.xcassets in Resources */,
			);
			runOnlyForDeploymentPostprocessing = 0;
		};
		B839230F25F2335300EB45A1 /* Resources */ = {
			isa = PBXResourcesBuildPhase;
			buildActionMask = 2147483647;
			files = (
				B8B48B8C2607EA2A00AB83BB /* contact-details-icon-contact-details-icon-11562975389zj8crdmzp6.png in Resources */,
				B8B48B6D2607A6CB00AB83BB /* coolvetica rg.ttf in Resources */,
				B8B48B822607E9D000AB83BB /* papers.co-vd52-abstract-dark-geometric-line-pattern-41-iphone-wallpaper.jpg in Resources */,
				B8B48B782607AA0F00AB83BB /* wp3944703.jpg in Resources */,
				B8B48B962607EA6A00AB83BB /* images.xcassets in Resources */,
			);
			runOnlyForDeploymentPostprocessing = 0;
		};
/* End PBXResourcesBuildPhase section */

/* Begin PBXShellScriptBuildPhase section */
		260DEA945EF285B966DD40DA /* [CP] Embed Pods Frameworks */ = {
			isa = PBXShellScriptBuildPhase;
			buildActionMask = 2147483647;
			files = (
			);
			inputFileListPaths = (
				"${PODS_ROOT}/Target Support Files/Pods-AgendaPersonalizada-AgendaPersonalizadaUITests/Pods-AgendaPersonalizada-AgendaPersonalizadaUITests-frameworks-${CONFIGURATION}-input-files.xcfilelist",
			);
			name = "[CP] Embed Pods Frameworks";
			outputFileListPaths = (
				"${PODS_ROOT}/Target Support Files/Pods-AgendaPersonalizada-AgendaPersonalizadaUITests/Pods-AgendaPersonalizada-AgendaPersonalizadaUITests-frameworks-${CONFIGURATION}-output-files.xcfilelist",
			);
			runOnlyForDeploymentPostprocessing = 0;
			shellPath = /bin/sh;
			shellScript = "\"${PODS_ROOT}/Target Support Files/Pods-AgendaPersonalizada-AgendaPersonalizadaUITests/Pods-AgendaPersonalizada-AgendaPersonalizadaUITests-frameworks.sh\"\n";
			showEnvVarsInLog = 0;
		};
		2D252240C2DA044BF53FD96B /* [CP] Check Pods Manifest.lock */ = {
			isa = PBXShellScriptBuildPhase;
			buildActionMask = 2147483647;
			files = (
			);
			inputFileListPaths = (
			);
			inputPaths = (
				"${PODS_PODFILE_DIR_PATH}/Podfile.lock",
				"${PODS_ROOT}/Manifest.lock",
			);
			name = "[CP] Check Pods Manifest.lock";
			outputFileListPaths = (
			);
			outputPaths = (
				"$(DERIVED_FILE_DIR)/Pods-AgendaPersonalizadaTests-checkManifestLockResult.txt",
			);
			runOnlyForDeploymentPostprocessing = 0;
			shellPath = /bin/sh;
			shellScript = "diff \"${PODS_PODFILE_DIR_PATH}/Podfile.lock\" \"${PODS_ROOT}/Manifest.lock\" > /dev/null\nif [ $? != 0 ] ; then\n    # print error to STDERR\n    echo \"error: The sandbox is not in sync with the Podfile.lock. Run 'pod install' or update your CocoaPods installation.\" >&2\n    exit 1\nfi\n# This output is used by Xcode 'outputs' to avoid re-running this script phase.\necho \"SUCCESS\" > \"${SCRIPT_OUTPUT_FILE_0}\"\n";
			showEnvVarsInLog = 0;
		};
		67B8920EFA3884B080354A35 /* [CP] Check Pods Manifest.lock */ = {
			isa = PBXShellScriptBuildPhase;
			buildActionMask = 2147483647;
			files = (
			);
			inputFileListPaths = (
			);
			inputPaths = (
				"${PODS_PODFILE_DIR_PATH}/Podfile.lock",
				"${PODS_ROOT}/Manifest.lock",
			);
			name = "[CP] Check Pods Manifest.lock";
			outputFileListPaths = (
			);
			outputPaths = (
				"$(DERIVED_FILE_DIR)/Pods-AgendaPersonalizada-checkManifestLockResult.txt",
			);
			runOnlyForDeploymentPostprocessing = 0;
			shellPath = /bin/sh;
			shellScript = "diff \"${PODS_PODFILE_DIR_PATH}/Podfile.lock\" \"${PODS_ROOT}/Manifest.lock\" > /dev/null\nif [ $? != 0 ] ; then\n    # print error to STDERR\n    echo \"error: The sandbox is not in sync with the Podfile.lock. Run 'pod install' or update your CocoaPods installation.\" >&2\n    exit 1\nfi\n# This output is used by Xcode 'outputs' to avoid re-running this script phase.\necho \"SUCCESS\" > \"${SCRIPT_OUTPUT_FILE_0}\"\n";
			showEnvVarsInLog = 0;
		};
		70BEBC9CDDABA2D6EEBC7AB9 /* [CP] Embed Pods Frameworks */ = {
			isa = PBXShellScriptBuildPhase;
			buildActionMask = 2147483647;
			files = (
			);
			inputFileListPaths = (
				"${PODS_ROOT}/Target Support Files/Pods-AgendaPersonalizada/Pods-AgendaPersonalizada-frameworks-${CONFIGURATION}-input-files.xcfilelist",
			);
			name = "[CP] Embed Pods Frameworks";
			outputFileListPaths = (
				"${PODS_ROOT}/Target Support Files/Pods-AgendaPersonalizada/Pods-AgendaPersonalizada-frameworks-${CONFIGURATION}-output-files.xcfilelist",
			);
			runOnlyForDeploymentPostprocessing = 0;
			shellPath = /bin/sh;
			shellScript = "\"${PODS_ROOT}/Target Support Files/Pods-AgendaPersonalizada/Pods-AgendaPersonalizada-frameworks.sh\"\n";
			showEnvVarsInLog = 0;
		};
		A118DE9BBB95CC4F81655BA4 /* [CP] Check Pods Manifest.lock */ = {
			isa = PBXShellScriptBuildPhase;
			buildActionMask = 2147483647;
			files = (
			);
			inputFileListPaths = (
			);
			inputPaths = (
				"${PODS_PODFILE_DIR_PATH}/Podfile.lock",
				"${PODS_ROOT}/Manifest.lock",
			);
			name = "[CP] Check Pods Manifest.lock";
			outputFileListPaths = (
			);
			outputPaths = (
				"$(DERIVED_FILE_DIR)/Pods-AgendaPersonalizada-AgendaPersonalizadaUITests-checkManifestLockResult.txt",
			);
			runOnlyForDeploymentPostprocessing = 0;
			shellPath = /bin/sh;
			shellScript = "diff \"${PODS_PODFILE_DIR_PATH}/Podfile.lock\" \"${PODS_ROOT}/Manifest.lock\" > /dev/null\nif [ $? != 0 ] ; then\n    # print error to STDERR\n    echo \"error: The sandbox is not in sync with the Podfile.lock. Run 'pod install' or update your CocoaPods installation.\" >&2\n    exit 1\nfi\n# This output is used by Xcode 'outputs' to avoid re-running this script phase.\necho \"SUCCESS\" > \"${SCRIPT_OUTPUT_FILE_0}\"\n";
			showEnvVarsInLog = 0;
		};
/* End PBXShellScriptBuildPhase section */

/* Begin PBXSourcesBuildPhase section */
		B83922E925F2335100EB45A1 /* Sources */ = {
			isa = PBXSourcesBuildPhase;
			buildActionMask = 2147483647;
			files = (
				B870690F25F3616D00A89912 /* ForgotPassViewController.swift in Sources */,
				B839233525F2407900EB45A1 /* SignUpViewController.swift in Sources */,
				B839232825F23FAA00EB45A1 /* WelcomeViewController.swift in Sources */,
				B839234225F240F300EB45A1 /* Extensions.swift in Sources */,
				B839236425F2EB6B00EB45A1 /* HomeViewController.swift in Sources */,
				B839233025F2405C00EB45A1 /* SignInViewController.swift in Sources */,
				B839236C25F2EEC200EB45A1 /* Service.swift in Sources */,
				B83922F125F2335100EB45A1 /* AppDelegate.swift in Sources */,
				B8E9E72125F4ED7300A90AF6 /* AddContactViewController.swift in Sources */,
				B8D6455F25FA295800E1DCE4 /* contactsViewController.swift in Sources */,
				B83922FB25F2335100EB45A1 /* AgendaPersonalizada.xcdatamodeld in Sources */,
				B83922F325F2335100EB45A1 /* SceneDelegate.swift in Sources */,
			);
			runOnlyForDeploymentPostprocessing = 0;
		};
		B839230225F2335300EB45A1 /* Sources */ = {
			isa = PBXSourcesBuildPhase;
			buildActionMask = 2147483647;
			files = (
				B839230B25F2335300EB45A1 /* AgendaPersonalizadaTests.swift in Sources */,
			);
			runOnlyForDeploymentPostprocessing = 0;
		};
		B839230D25F2335300EB45A1 /* Sources */ = {
			isa = PBXSourcesBuildPhase;
			buildActionMask = 2147483647;
			files = (
				B839231625F2335300EB45A1 /* AgendaPersonalizadaUITests.swift in Sources */,
			);
			runOnlyForDeploymentPostprocessing = 0;
		};
/* End PBXSourcesBuildPhase section */

/* Begin PBXTargetDependency section */
		B839230825F2335300EB45A1 /* PBXTargetDependency */ = {
			isa = PBXTargetDependency;
			target = B83922EC25F2335100EB45A1 /* AgendaPersonalizada */;
			targetProxy = B839230725F2335300EB45A1 /* PBXContainerItemProxy */;
		};
		B839231325F2335300EB45A1 /* PBXTargetDependency */ = {
			isa = PBXTargetDependency;
			target = B83922EC25F2335100EB45A1 /* AgendaPersonalizada */;
			targetProxy = B839231225F2335300EB45A1 /* PBXContainerItemProxy */;
		};
/* End PBXTargetDependency section */

/* Begin PBXVariantGroup section */
		B83922F625F2335100EB45A1 /* Main.storyboard */ = {
			isa = PBXVariantGroup;
			children = (
				B83922F725F2335100EB45A1 /* Base */,
			);
			name = Main.storyboard;
			sourceTree = "<group>";
		};
		B83922FE25F2335200EB45A1 /* LaunchScreen.storyboard */ = {
			isa = PBXVariantGroup;
			children = (
				B83922FF25F2335200EB45A1 /* Base */,
			);
			name = LaunchScreen.storyboard;
			sourceTree = "<group>";
		};
/* End PBXVariantGroup section */

/* Begin XCBuildConfiguration section */
		B839231825F2335300EB45A1 /* Debug */ = {
			isa = XCBuildConfiguration;
			buildSettings = {
				ALWAYS_SEARCH_USER_PATHS = NO;
				CLANG_ANALYZER_NONNULL = YES;
				CLANG_ANALYZER_NUMBER_OBJECT_CONVERSION = YES_AGGRESSIVE;
				CLANG_CXX_LANGUAGE_STANDARD = "gnu++14";
				CLANG_CXX_LIBRARY = "libc++";
				CLANG_ENABLE_MODULES = YES;
				CLANG_ENABLE_OBJC_ARC = YES;
				CLANG_ENABLE_OBJC_WEAK = YES;
				CLANG_WARN_BLOCK_CAPTURE_AUTORELEASING = YES;
				CLANG_WARN_BOOL_CONVERSION = YES;
				CLANG_WARN_COMMA = YES;
				CLANG_WARN_CONSTANT_CONVERSION = YES;
				CLANG_WARN_DEPRECATED_OBJC_IMPLEMENTATIONS = YES;
				CLANG_WARN_DIRECT_OBJC_ISA_USAGE = YES_ERROR;
				CLANG_WARN_DOCUMENTATION_COMMENTS = YES;
				CLANG_WARN_EMPTY_BODY = YES;
				CLANG_WARN_ENUM_CONVERSION = YES;
				CLANG_WARN_INFINITE_RECURSION = YES;
				CLANG_WARN_INT_CONVERSION = YES;
				CLANG_WARN_NON_LITERAL_NULL_CONVERSION = YES;
				CLANG_WARN_OBJC_IMPLICIT_RETAIN_SELF = YES;
				CLANG_WARN_OBJC_LITERAL_CONVERSION = YES;
				CLANG_WARN_OBJC_ROOT_CLASS = YES_ERROR;
				CLANG_WARN_QUOTED_INCLUDE_IN_FRAMEWORK_HEADER = YES;
				CLANG_WARN_RANGE_LOOP_ANALYSIS = YES;
				CLANG_WARN_STRICT_PROTOTYPES = YES;
				CLANG_WARN_SUSPICIOUS_MOVE = YES;
				CLANG_WARN_UNGUARDED_AVAILABILITY = YES_AGGRESSIVE;
				CLANG_WARN_UNREACHABLE_CODE = YES;
				CLANG_WARN__DUPLICATE_METHOD_MATCH = YES;
				COPY_PHASE_STRIP = NO;
				DEBUG_INFORMATION_FORMAT = dwarf;
				ENABLE_STRICT_OBJC_MSGSEND = YES;
				ENABLE_TESTABILITY = YES;
				GCC_C_LANGUAGE_STANDARD = gnu11;
				GCC_DYNAMIC_NO_PIC = NO;
				GCC_NO_COMMON_BLOCKS = YES;
				GCC_OPTIMIZATION_LEVEL = 0;
				GCC_PREPROCESSOR_DEFINITIONS = (
					"DEBUG=1",
					"$(inherited)",
				);
				GCC_WARN_64_TO_32_BIT_CONVERSION = YES;
				GCC_WARN_ABOUT_RETURN_TYPE = YES_ERROR;
				GCC_WARN_UNDECLARED_SELECTOR = YES;
				GCC_WARN_UNINITIALIZED_AUTOS = YES_AGGRESSIVE;
				GCC_WARN_UNUSED_FUNCTION = YES;
				GCC_WARN_UNUSED_VARIABLE = YES;
				IPHONEOS_DEPLOYMENT_TARGET = 14.4;
				MTL_ENABLE_DEBUG_INFO = INCLUDE_SOURCE;
				MTL_FAST_MATH = YES;
				ONLY_ACTIVE_ARCH = YES;
				SDKROOT = iphoneos;
				SWIFT_ACTIVE_COMPILATION_CONDITIONS = DEBUG;
				SWIFT_OPTIMIZATION_LEVEL = "-Onone";
			};
			name = Debug;
		};
		B839231925F2335300EB45A1 /* Release */ = {
			isa = XCBuildConfiguration;
			buildSettings = {
				ALWAYS_SEARCH_USER_PATHS = NO;
				CLANG_ANALYZER_NONNULL = YES;
				CLANG_ANALYZER_NUMBER_OBJECT_CONVERSION = YES_AGGRESSIVE;
				CLANG_CXX_LANGUAGE_STANDARD = "gnu++14";
				CLANG_CXX_LIBRARY = "libc++";
				CLANG_ENABLE_MODULES = YES;
				CLANG_ENABLE_OBJC_ARC = YES;
				CLANG_ENABLE_OBJC_WEAK = YES;
				CLANG_WARN_BLOCK_CAPTURE_AUTORELEASING = YES;
				CLANG_WARN_BOOL_CONVERSION = YES;
				CLANG_WARN_COMMA = YES;
				CLANG_WARN_CONSTANT_CONVERSION = YES;
				CLANG_WARN_DEPRECATED_OBJC_IMPLEMENTATIONS = YES;
				CLANG_WARN_DIRECT_OBJC_ISA_USAGE = YES_ERROR;
				CLANG_WARN_DOCUMENTATION_COMMENTS = YES;
				CLANG_WARN_EMPTY_BODY = YES;
				CLANG_WARN_ENUM_CONVERSION = YES;
				CLANG_WARN_INFINITE_RECURSION = YES;
				CLANG_WARN_INT_CONVERSION = YES;
				CLANG_WARN_NON_LITERAL_NULL_CONVERSION = YES;
				CLANG_WARN_OBJC_IMPLICIT_RETAIN_SELF = YES;
				CLANG_WARN_OBJC_LITERAL_CONVERSION = YES;
				CLANG_WARN_OBJC_ROOT_CLASS = YES_ERROR;
				CLANG_WARN_QUOTED_INCLUDE_IN_FRAMEWORK_HEADER = YES;
				CLANG_WARN_RANGE_LOOP_ANALYSIS = YES;
				CLANG_WARN_STRICT_PROTOTYPES = YES;
				CLANG_WARN_SUSPICIOUS_MOVE = YES;
				CLANG_WARN_UNGUARDED_AVAILABILITY = YES_AGGRESSIVE;
				CLANG_WARN_UNREACHABLE_CODE = YES;
				CLANG_WARN__DUPLICATE_METHOD_MATCH = YES;
				COPY_PHASE_STRIP = NO;
				DEBUG_INFORMATION_FORMAT = "dwarf-with-dsym";
				ENABLE_NS_ASSERTIONS = NO;
				ENABLE_STRICT_OBJC_MSGSEND = YES;
				GCC_C_LANGUAGE_STANDARD = gnu11;
				GCC_NO_COMMON_BLOCKS = YES;
				GCC_WARN_64_TO_32_BIT_CONVERSION = YES;
				GCC_WARN_ABOUT_RETURN_TYPE = YES_ERROR;
				GCC_WARN_UNDECLARED_SELECTOR = YES;
				GCC_WARN_UNINITIALIZED_AUTOS = YES_AGGRESSIVE;
				GCC_WARN_UNUSED_FUNCTION = YES;
				GCC_WARN_UNUSED_VARIABLE = YES;
				IPHONEOS_DEPLOYMENT_TARGET = 14.4;
				MTL_ENABLE_DEBUG_INFO = NO;
				MTL_FAST_MATH = YES;
				SDKROOT = iphoneos;
				SWIFT_COMPILATION_MODE = wholemodule;
				SWIFT_OPTIMIZATION_LEVEL = "-O";
				VALIDATE_PRODUCT = YES;
			};
			name = Release;
		};
		B839231B25F2335300EB45A1 /* Debug */ = {
			isa = XCBuildConfiguration;
			baseConfigurationReference = 5579A08F30BF6193BB134F9E /* Pods-AgendaPersonalizada.debug.xcconfig */;
			buildSettings = {
				ASSETCATALOG_COMPILER_APPICON_NAME = AppIcon;
				ASSETCATALOG_COMPILER_GLOBAL_ACCENT_COLOR_NAME = AccentColor;
				CODE_SIGN_STYLE = Automatic;
				INFOPLIST_FILE = AgendaPersonalizada/Info.plist;
				LD_RUNPATH_SEARCH_PATHS = (
					"$(inherited)",
					"@executable_path/Frameworks",
				);
				PRODUCT_BUNDLE_IDENTIFIER = com.AgendaPersonalizada;
				PRODUCT_NAME = "$(TARGET_NAME)";
				SWIFT_VERSION = 5.0;
				TARGETED_DEVICE_FAMILY = "1,2";
			};
			name = Debug;
		};
		B839231C25F2335300EB45A1 /* Release */ = {
			isa = XCBuildConfiguration;
			baseConfigurationReference = 2FEACA152CB544A80A2DA512 /* Pods-AgendaPersonalizada.release.xcconfig */;
			buildSettings = {
				ASSETCATALOG_COMPILER_APPICON_NAME = AppIcon;
				ASSETCATALOG_COMPILER_GLOBAL_ACCENT_COLOR_NAME = AccentColor;
				CODE_SIGN_STYLE = Automatic;
				INFOPLIST_FILE = AgendaPersonalizada/Info.plist;
				LD_RUNPATH_SEARCH_PATHS = (
					"$(inherited)",
					"@executable_path/Frameworks",
				);
				PRODUCT_BUNDLE_IDENTIFIER = com.AgendaPersonalizada;
				PRODUCT_NAME = "$(TARGET_NAME)";
				SWIFT_VERSION = 5.0;
				TARGETED_DEVICE_FAMILY = "1,2";
			};
			name = Release;
		};
		B839231E25F2335300EB45A1 /* Debug */ = {
			isa = XCBuildConfiguration;
			baseConfigurationReference = D1BBE7AA1B5772F9D7AD74CE /* Pods-AgendaPersonalizadaTests.debug.xcconfig */;
			buildSettings = {
				ALWAYS_EMBED_SWIFT_STANDARD_LIBRARIES = YES;
				BUNDLE_LOADER = "$(TEST_HOST)";
				CODE_SIGN_STYLE = Automatic;
				INFOPLIST_FILE = AgendaPersonalizadaTests/Info.plist;
				IPHONEOS_DEPLOYMENT_TARGET = 14.4;
				LD_RUNPATH_SEARCH_PATHS = (
					"$(inherited)",
					"@executable_path/Frameworks",
					"@loader_path/Frameworks",
				);
				PRODUCT_BUNDLE_IDENTIFIER = com.AgendaPersonalizadaTests;
				PRODUCT_NAME = "$(TARGET_NAME)";
				SWIFT_VERSION = 5.0;
				TARGETED_DEVICE_FAMILY = "1,2";
				TEST_HOST = "$(BUILT_PRODUCTS_DIR)/AgendaPersonalizada.app/AgendaPersonalizada";
			};
			name = Debug;
		};
		B839231F25F2335300EB45A1 /* Release */ = {
			isa = XCBuildConfiguration;
			baseConfigurationReference = 87AE13FDA21DEF400A95C92D /* Pods-AgendaPersonalizadaTests.release.xcconfig */;
			buildSettings = {
				ALWAYS_EMBED_SWIFT_STANDARD_LIBRARIES = YES;
				BUNDLE_LOADER = "$(TEST_HOST)";
				CODE_SIGN_STYLE = Automatic;
				INFOPLIST_FILE = AgendaPersonalizadaTests/Info.plist;
				IPHONEOS_DEPLOYMENT_TARGET = 14.4;
				LD_RUNPATH_SEARCH_PATHS = (
					"$(inherited)",
					"@executable_path/Frameworks",
					"@loader_path/Frameworks",
				);
				PRODUCT_BUNDLE_IDENTIFIER = com.AgendaPersonalizadaTests;
				PRODUCT_NAME = "$(TARGET_NAME)";
				SWIFT_VERSION = 5.0;
				TARGETED_DEVICE_FAMILY = "1,2";
				TEST_HOST = "$(BUILT_PRODUCTS_DIR)/AgendaPersonalizada.app/AgendaPersonalizada";
			};
			name = Release;
		};
		B839232125F2335300EB45A1 /* Debug */ = {
			isa = XCBuildConfiguration;
			baseConfigurationReference = 689B8104F8EDEE1EBA2DA554 /* Pods-AgendaPersonalizada-AgendaPersonalizadaUITests.debug.xcconfig */;
			buildSettings = {
				ALWAYS_EMBED_SWIFT_STANDARD_LIBRARIES = YES;
				CODE_SIGN_STYLE = Automatic;
				INFOPLIST_FILE = AgendaPersonalizadaUITests/Info.plist;
				LD_RUNPATH_SEARCH_PATHS = (
					"$(inherited)",
					"@executable_path/Frameworks",
					"@loader_path/Frameworks",
				);
				PRODUCT_BUNDLE_IDENTIFIER = com.AgendaPersonalizadaUITests;
				PRODUCT_NAME = "$(TARGET_NAME)";
				SWIFT_VERSION = 5.0;
				TARGETED_DEVICE_FAMILY = "1,2";
				TEST_TARGET_NAME = AgendaPersonalizada;
			};
			name = Debug;
		};
		B839232225F2335300EB45A1 /* Release */ = {
			isa = XCBuildConfiguration;
			baseConfigurationReference = B7771DA702FB2B993C06DA4B /* Pods-AgendaPersonalizada-AgendaPersonalizadaUITests.release.xcconfig */;
			buildSettings = {
				ALWAYS_EMBED_SWIFT_STANDARD_LIBRARIES = YES;
				CODE_SIGN_STYLE = Automatic;
				INFOPLIST_FILE = AgendaPersonalizadaUITests/Info.plist;
				LD_RUNPATH_SEARCH_PATHS = (
					"$(inherited)",
					"@executable_path/Frameworks",
					"@loader_path/Frameworks",
				);
				PRODUCT_BUNDLE_IDENTIFIER = com.AgendaPersonalizadaUITests;
				PRODUCT_NAME = "$(TARGET_NAME)";
				SWIFT_VERSION = 5.0;
				TARGETED_DEVICE_FAMILY = "1,2";
				TEST_TARGET_NAME = AgendaPersonalizada;
			};
			name = Release;
		};
/* End XCBuildConfiguration section */

/* Begin XCConfigurationList section */
		B83922E825F2335100EB45A1 /* Build configuration list for PBXProject "AgendaPersonalizada" */ = {
			isa = XCConfigurationList;
			buildConfigurations = (
				B839231825F2335300EB45A1 /* Debug */,
				B839231925F2335300EB45A1 /* Release */,
			);
			defaultConfigurationIsVisible = 0;
			defaultConfigurationName = Release;
		};
		B839231A25F2335300EB45A1 /* Build configuration list for PBXNativeTarget "AgendaPersonalizada" */ = {
			isa = XCConfigurationList;
			buildConfigurations = (
				B839231B25F2335300EB45A1 /* Debug */,
				B839231C25F2335300EB45A1 /* Release */,
			);
			defaultConfigurationIsVisible = 0;
			defaultConfigurationName = Release;
		};
		B839231D25F2335300EB45A1 /* Build configuration list for PBXNativeTarget "AgendaPersonalizadaTests" */ = {
			isa = XCConfigurationList;
			buildConfigurations = (
				B839231E25F2335300EB45A1 /* Debug */,
				B839231F25F2335300EB45A1 /* Release */,
			);
			defaultConfigurationIsVisible = 0;
			defaultConfigurationName = Release;
		};
		B839232025F2335300EB45A1 /* Build configuration list for PBXNativeTarget "AgendaPersonalizadaUITests" */ = {
			isa = XCConfigurationList;
			buildConfigurations = (
				B839232125F2335300EB45A1 /* Debug */,
				B839232225F2335300EB45A1 /* Release */,
			);
			defaultConfigurationIsVisible = 0;
			defaultConfigurationName = Release;
		};
/* End XCConfigurationList section */

/* Begin XCVersionGroup section */
		B83922F925F2335100EB45A1 /* AgendaPersonalizada.xcdatamodeld */ = {
			isa = XCVersionGroup;
			children = (
				B83922FA25F2335100EB45A1 /* AgendaPersonalizada.xcdatamodel */,
			);
			currentVersion = B83922FA25F2335100EB45A1 /* AgendaPersonalizada.xcdatamodel */;
			path = AgendaPersonalizada.xcdatamodeld;
			sourceTree = "<group>";
			versionGroupType = wrapper.xcdatamodel;
		};
/* End XCVersionGroup section */
	};
	rootObject = B83922E525F2335100EB45A1 /* Project object */;
}
